// !$*UTF8*$!
{
	archiveVersion = 1;
	classes = {
	};
	objectVersion = 46;
	objects = {

/* Begin PBXBuildFile section */
		050293381CA341C50000D305 /* Calculator.m in Sources */ = {isa = PBXBuildFile; fileRef = 050293371CA341C50000D305 /* Calculator.m */; };
		05EE77171C83E72E00C2AB57 /* main.m in Sources */ = {isa = PBXBuildFile; fileRef = 05EE77161C83E72E00C2AB57 /* main.m */; };
		05EE77231C83FF9B00C2AB57 /* AuditingInvoker.m in Sources */ = {isa = PBXBuildFile; fileRef = 05EE77221C83FF9B00C2AB57 /* AuditingInvoker.m */; };
		05EE77261C895E8D00C2AB57 /* AspectProxy.m in Sources */ = {isa = PBXBuildFile; fileRef = 05EE77251C895E8D00C2AB57 /* AspectProxy.m */; };
/* End PBXBuildFile section */

/* Begin PBXCopyFilesBuildPhase section */
		05EE77111C83E72E00C2AB57 /* CopyFiles */ = {
			isa = PBXCopyFilesBuildPhase;
			buildActionMask = 2147483647;
			dstPath = /usr/share/man/man1/;
			dstSubfolderSpec = 0;
			files = (
			);
			runOnlyForDeploymentPostprocessing = 1;
		};
/* End PBXCopyFilesBuildPhase section */

/* Begin PBXFileReference section */
		050293361CA341C50000D305 /* Calculator.h */ = {isa = PBXFileReference; fileEncoding = 4; lastKnownFileType = sourcecode.c.h; name = Calculator.h; path = ../../Calculator/Calculator/Calculator.h; sourceTree = "<group>"; };
		050293371CA341C50000D305 /* Calculator.m */ = {isa = PBXFileReference; fileEncoding = 4; lastKnownFileType = sourcecode.c.objc; name = Calculator.m; path = ../../Calculator/Calculator/Calculator.m; sourceTree = "<group>"; };
		05EE77131C83E72E00C2AB57 /* AspectProxy */ = {isa = PBXFileReference; explicitFileType = "compiled.mach-o.executable"; includeInIndex = 0; path = AspectProxy; sourceTree = BUILT_PRODUCTS_DIR; };
		05EE77161C83E72E00C2AB57 /* main.m */ = {isa = PBXFileReference; lastKnownFileType = sourcecode.c.objc; path = main.m; sourceTree = "<group>"; };
		05EE77201C83EBF700C2AB57 /* Invoker.h */ = {isa = PBXFileReference; fileEncoding = 4; lastKnownFileType = sourcecode.c.h; name = Invoker.h; path = ../Invoker.h; sourceTree = "<group>"; };
		05EE77211C83FF9B00C2AB57 /* AuditingInvoker.h */ = {isa = PBXFileReference; fileEncoding = 4; lastKnownFileType = sourcecode.c.h; name = AuditingInvoker.h; path = ../AuditingInvoker.h; sourceTree = "<group>"; };
		05EE77221C83FF9B00C2AB57 /* AuditingInvoker.m */ = {isa = PBXFileReference; fileEncoding = 4; lastKnownFileType = sourcecode.c.objc; name = AuditingInvoker.m; path = ../AuditingInvoker.m; sourceTree = "<group>"; };
		05EE77241C895E8D00C2AB57 /* AspectProxy.h */ = {isa = PBXFileReference; fileEncoding = 4; lastKnownFileType = sourcecode.c.h; path = AspectProxy.h; sourceTree = "<group>"; };
		05EE77251C895E8D00C2AB57 /* AspectProxy.m */ = {isa = PBXFileReference; fileEncoding = 4; lastKnownFileType = sourcecode.c.objc; path = AspectProxy.m; sourceTree = "<group>"; };
/* End PBXFileReference section */

/* Begin PBXFrameworksBuildPhase section */
		05EE77101C83E72E00C2AB57 /* Frameworks */ = {
			isa = PBXFrameworksBuildPhase;
			buildActionMask = 2147483647;
			files = (
			);
			runOnlyForDeploymentPostprocessing = 0;
		};
/* End PBXFrameworksBuildPhase section */

/* Begin PBXGroup section */
		05EE770A1C83E72E00C2AB57 = {
			isa = PBXGroup;
			children = (
				05EE77151C83E72E00C2AB57 /* AspectProxy */,
				05EE77141C83E72E00C2AB57 /* Products */,
			);
			sourceTree = "<group>";
		};
		05EE77141C83E72E00C2AB57 /* Products */ = {
			isa = PBXGroup;
			children = (
				05EE77131C83E72E00C2AB57 /* AspectProxy */,
			);
			name = Products;
			sourceTree = "<group>";
		};
		05EE77151C83E72E00C2AB57 /* AspectProxy */ = {
			isa = PBXGroup;
			children = (
				05EE77161C83E72E00C2AB57 /* main.m */,
				050293361CA341C50000D305 /* Calculator.h */,
				050293371CA341C50000D305 /* Calculator.m */,
				05EE77201C83EBF700C2AB57 /* Invoker.h */,
				05EE77211C83FF9B00C2AB57 /* AuditingInvoker.h */,
				05EE77221C83FF9B00C2AB57 /* AuditingInvoker.m */,
				05EE77241C895E8D00C2AB57 /* AspectProxy.h */,
				05EE77251C895E8D00C2AB57 /* AspectProxy.m */,
			);
			path = AspectProxy;
			sourceTree = "<group>";
		};
/* End PBXGroup section */

/* Begin PBXNativeTarget section */
		05EE77121C83E72E00C2AB57 /* AspectProxy */ = {
			isa = PBXNativeTarget;
			buildConfigurationList = 05EE771A1C83E72E00C2AB57 /* Build configuration list for PBXNativeTarget "AspectProxy" */;
			buildPhases = (
				05EE770F1C83E72E00C2AB57 /* Sources */,
				05EE77101C83E72E00C2AB57 /* Frameworks */,
				05EE77111C83E72E00C2AB57 /* CopyFiles */,
			);
			buildRules = (
			);
			dependencies = (
			);
			name = AspectProxy;
			productName = AspectProxy;
			productReference = 05EE77131C83E72E00C2AB57 /* AspectProxy */;
			productType = "com.apple.product-type.tool";
		};
/* End PBXNativeTarget section */

/* Begin PBXProject section */
		05EE770B1C83E72E00C2AB57 /* Project object */ = {
			isa = PBXProject;
			attributes = {
				LastUpgradeCheck = 0720;
				ORGANIZATIONNAME = BigRedINC;
				TargetAttributes = {
					05EE77121C83E72E00C2AB57 = {
						CreatedOnToolsVersion = 7.2.1;
					};
				};
			};
			buildConfigurationList = 05EE770E1C83E72E00C2AB57 /* Build configuration list for PBXProject "AspectProxy" */;
			compatibilityVersion = "Xcode 3.2";
			developmentRegion = English;
			hasScannedForEncodings = 0;
			knownRegions = (
				en,
			);
			mainGroup = 05EE770A1C83E72E00C2AB57;
			productRefGroup = 05EE77141C83E72E00C2AB57 /* Products */;
			projectDirPath = "";
			projectRoot = "";
			targets = (
				05EE77121C83E72E00C2AB57 /* AspectProxy */,
			);
		};
/* End PBXProject section */

/* Begin PBXSourcesBuildPhase section */
		05EE770F1C83E72E00C2AB57 /* Sources */ = {
			isa = PBXSourcesBuildPhase;
			buildActionMask = 2147483647;
			files = (
				05EE77171C83E72E00C2AB57 /* main.m in Sources */,
				050293381CA341C50000D305 /* Calculator.m in Sources */,
				05EE77231C83FF9B00C2AB57 /* AuditingInvoker.m in Sources */,
				05EE77261C895E8D00C2AB57 /* AspectProxy.m in Sources */,
			);
			runOnlyForDeploymentPostprocessing = 0;
		};
/* End PBXSourcesBuildPhase section */

/* Begin XCBuildConfiguration section */
		05EE77181C83E72E00C2AB57 /* Debug */ = {
			isa = XCBuildConfiguration;
			buildSettings = {
				ALWAYS_SEARCH_USER_PATHS = NO;
				CLANG_CXX_LANGUAGE_STANDARD = "gnu++0x";
				CLANG_CXX_LIBRARY = "libc++";
				CLANG_ENABLE_MODULES = YES;
				CLANG_ENABLE_OBJC_ARC = YES;
				CLANG_WARN_BOOL_CONVERSION = YES;
				CLANG_WARN_CONSTANT_CONVERSION = YES;
				CLANG_WARN_DIRECT_OBJC_ISA_USAGE = YES_ERROR;
				CLANG_WARN_EMPTY_BODY = YES;
				CLANG_WARN_ENUM_CONVERSION = YES;
				CLANG_WARN_INT_CONVERSION = YES;
				CLANG_WARN_OBJC_ROOT_CLASS = YES_ERROR;
				CLANG_WARN_UNREACHABLE_CODE = YES;
				CLANG_WARN__DUPLICATE_METHOD_MATCH = YES;
				CODE_SIGN_IDENTITY = "-";
				COPY_PHASE_STRIP = NO;
				DEBUG_INFORMATION_FORMAT = dwarf;
				ENABLE_STRICT_OBJC_MSGSEND = YES;
				ENABLE_TESTABILITY = YES;
				GCC_C_LANGUAGE_STANDARD = gnu99;
				GCC_DYNAMIC_NO_PIC = NO;
				GCC_NO_COMMON_BLOCKS = YES;
				GCC_OPTIMIZATION_LEVEL = 0;
				GCC_PREPROCESSOR_DEFINITIONS = (
					"DEBUG=1",
					"$(inherited)",
				);
				GCC_WARN_64_TO_32_BIT_CONVERSION = YES;
				GCC_WARN_ABOUT_RETURN_TYPE = YES_ERROR;
				GCC_WARN_UNDECLARED_SELECTOR = YES;
				GCC_WARN_UNINITIALIZED_AUTOS = YES_AGGRESSIVE;
				GCC_WARN_UNUSED_FUNCTION = YES;
				GCC_WARN_UNUSED_VARIABLE = YES;
				MACOSX_DEPLOYMENT_TARGET = 10.11;
				MTL_ENABLE_DEBUG_INFO = YES;
				ONLY_ACTIVE_ARCH = YES;
				SDKROOT = macosx;
			};
			name = Debug;
		};
		05EE77191C83E72E00C2AB57 /* Release */ = {
			isa = XCBuildConfiguration;
			buildSettings = {
				ALWAYS_SEARCH_USER_PATHS = NO;
				CLANG_CXX_LANGUAGE_STANDARD = "gnu++0x";
				CLANG_CXX_LIBRARY = "libc++";
				CLANG_ENABLE_MODULES = YES;
				CLANG_ENABLE_OBJC_ARC = YES;
				CLANG_WARN_BOOL_CONVERSION = YES;
				CLANG_WARN_CONSTANT_CONVERSION = YES;
				CLANG_WARN_DIRECT_OBJC_ISA_USAGE = YES_ERROR;
				CLANG_WARN_EMPTY_BODY = YES;
				CLANG_WARN_ENUM_CONVERSION = YES;
				CLANG_WARN_INT_CONVERSION = YES;
				CLANG_WARN_OBJC_ROOT_CLASS = YES_ERROR;
				CLANG_WARN_UNREACHABLE_CODE = YES;
				CLANG_WARN__DUPLICATE_METHOD_MATCH = YES;
				CODE_SIGN_IDENTITY = "-";
				COPY_PHASE_STRIP = NO;
				DEBUG_INFORMATION_FORMAT = "dwarf-with-dsym";
				ENABLE_NS_ASSERTIONS = NO;
				ENABLE_STRICT_OBJC_MSGSEND = YES;
				GCC_C_LANGUAGE_STANDARD = gnu99;
				GCC_NO_COMMON_BLOCKS = YES;
				GCC_WARN_64_TO_32_BIT_CONVERSION = YES;
				GCC_WARN_ABOUT_RETURN_TYPE = YES_ERROR;
				GCC_WARN_UNDECLARED_SELECTOR = YES;
				GCC_WARN_UNINITIALIZED_AUTOS = YES_AGGRESSIVE;
				GCC_WARN_UNUSED_FUNCTION = YES;
				GCC_WARN_UNUSED_VARIABLE = YES;
				MACOSX_DEPLOYMENT_TARGET = 10.11;
				MTL_ENABLE_DEBUG_INFO = NO;
				SDKROOT = macosx;
			};
			name = Release;
		};
		05EE771B1C83E72E00C2AB57 /* Debug */ = {
			isa = XCBuildConfiguration;
			buildSettings = {
				PRODUCT_NAME = "$(TARGET_NAME)";
			};
			name = Debug;
		};
		05EE771C1C83E72E00C2AB57 /* Release */ = {
			isa = XCBuildConfiguration;
			buildSettings = {
				PRODUCT_NAME = "$(TARGET_NAME)";
			};
			name = Release;
		};
/* End XCBuildConfiguration section */

/* Begin XCConfigurationList section */
		05EE770E1C83E72E00C2AB57 /* Build configuration list for PBXProject "AspectProxy" */ = {
			isa = XCConfigurationList;
			buildConfigurations = (
				05EE77181C83E72E00C2AB57 /* Debug */,
				05EE77191C83E72E00C2AB57 /* Release */,
			);
			defaultConfigurationIsVisible = 0;
			defaultConfigurationName = Release;
		};
		05EE771A1C83E72E00C2AB57 /* Build configuration list for PBXNativeTarget "AspectProxy" */ = {
			isa = XCConfigurationList;
			buildConfigurations = (
				05EE771B1C83E72E00C2AB57 /* Debug */,
				05EE771C1C83E72E00C2AB57 /* Release */,
			);
			defaultConfigurationIsVisible = 0;
			defaultConfigurationName = Release;
		};
/* End XCConfigurationList section */
	};
	rootObject = 05EE770B1C83E72E00C2AB57 /* Project object */;
}
